<?xml version="1.0" encoding="utf-8"?>
<Project ToolsVersion="4.0" xmlns="http://schemas.microsoft.com/developer/msbuild/2003">
  <ItemGroup>
    <Filter Include="src">
      <UniqueIdentifier>{5900022f-3faa-4ac7-a62b-1c656683e7df}</UniqueIdentifier>
    </Filter>
    <Filter Include="include">
      <UniqueIdentifier>{b579bdc3-6387-45ed-ba17-e650390d4956}</UniqueIdentifier>
    </Filter>
    <Filter Include="include\EGL">
      <UniqueIdentifier>{76362066-0d73-4ced-be26-142b7e6022fd}</UniqueIdentifier>
    </Filter>
    <Filter Include="include\glad">
      <UniqueIdentifier>{d6446a63-cab7-47a5-959b-20a87ea878fc}</UniqueIdentifier>
    </Filter>
    <Filter Include="include\KHR">
      <UniqueIdentifier>{f3ec14df-cdca-436f-8b4d-b62744c1ea1a}</UniqueIdentifier>
    </Filter>
  </ItemGroup>
  <ItemGroup>
    <ClInclude Include="..\include\EGL\eglplatform.h">
      <Filter>include\EGL</Filter>
    </ClInclude>
    <ClInclude Include="..\include\glad\egl.h">
      <Filter>include\glad</Filter>
    </ClInclude>
    <ClInclude Include="..\include\glad\gl.h">
      <Filter>include\glad</Filter>
    </ClInclude>
    <ClInclude Include="..\include\KHR\khrplatform.h">
      <Filter>include\KHR</Filter>
    </ClInclude>
    <ClInclude Include="..\include\vk_platform.h">
      <Filter>include</Filter>
    </ClInclude>
    <ClInclude Include="..\include\glad\vulkan.h">
      <Filter>include\glad</Filter>
    </ClInclude>
    <ClInclude Include="..\include\glad\glx.h">
      <Filter>include\glad</Filter>
    </ClInclude>
    <ClInclude Include="..\include\glad\wgl.h">
      <Filter>include\glad</Filter>
    </ClInclude>
  </ItemGroup>
  <ItemGroup>
    <ClCompile Include="..\src\egl.c">
      <Filter>src</Filter>
    </ClCompile>
    <ClCompile Include="..\src\gl.c">
      <Filter>src</Filter>
    </ClCompile>
    <ClCompile Include="..\src\glx.c">
      <Filter>src</Filter>
    </ClCompile>
    <ClCompile Include="..\src\wgl.c">
      <Filter>src</Filter>
    </ClCompile>
    <ClCompile Include="..\src\vulkan.c">
      <Filter>src</Filter>
    </ClCompile>
  </ItemGroup>
</Project>